
Microsoft Visual Studio Solution File, Format Version 12.00
# Visual Studio Version 17
VisualStudioVersion = 17.6.33801.468
MinimumVisualStudioVersion = 10.0.40219.1
Project("{FAE04EC0-301F-11D3-BF4B-00C04F79EFBC}") = "Publisher", "Publisher\Publisher.csproj", "{4D7F1C53-8E4B-4BD9-8F24-26B6FB9B833F}"
EndProject
Project("{FAE04EC0-301F-11D3-BF4B-00C04F79EFBC}") = "Subscriber", "Subscriber\Subscriber.csproj", "{14E7644D-3881-4A38-A838-27026D3FF95D}"
EndProject
Global
	GlobalSection(SolutionConfigurationPlatforms) = preSolution
		Debug|Any CPU = Debug|Any CPU
		Release|Any CPU = Release|Any CPU
	EndGlobalSection
	GlobalSection(ProjectConfigurationPlatforms) = postSolution
		{4D7F1C53-8E4B-4BD9-8F24-26B6FB9B833F}.Debug|Any CPU.ActiveCfg = Debug|Any CPU
		{4D7F1C53-8E4B-4BD9-8F24-26B6FB9B833F}.Debug|Any CPU.Build.0 = Debug|Any CPU
		{4D7F1C53-8E4B-4BD9-8F24-26B6FB9B833F}.Release|Any CPU.ActiveCfg = Release|Any CPU
		{4D7F1C53-8E4B-4BD9-8F24-26B6FB9B833F}.Release|Any CPU.Build.0 = Release|Any CPU
		{14E7644D-3881-4A38-A838-27026D3FF95D}.Debug|Any CPU.ActiveCfg = Debug|Any CPU
		{14E7644D-3881-4A38-A838-27026D3FF95D}.Debug|Any CPU.Build.0 = Debug|Any CPU
		{14E7644D-3881-4A38-A838-27026D3FF95D}.Release|Any CPU.ActiveCfg = Release|Any CPU
		{14E7644D-3881-4A38-A838-27026D3FF95D}.Release|Any CPU.Build.0 = Release|Any CPU
	EndGlobalSection
	GlobalSection(SolutionProperties) = preSolution
		HideSolutionNode = FALSE
	EndGlobalSection
	GlobalSection(ExtensibilityGlobals) = postSolution
		SolutionGuid = {1D7770D8-F327-4EE9-AE53-904BD2FE88A2}
	EndGlobalSection
EndGlobal
